
Microsoft Visual Studio Solution File, Format Version 12.00
# Visual Studio 15
VisualStudioVersion = 15.0.28307.572
MinimumVisualStudioVersion = 10.0.40219.1
Project("{FAE04EC0-301F-11D3-BF4B-00C04F79EFBC}") = "MemeGame", "MemeGame\MemeGame.csproj", "{4478B765-F123-40AA-A598-56F88B830AFD}"
EndProject
Global
	GlobalSection(SolutionConfigurationPlatforms) = preSolution
		Debug|Any CPU = Debug|Any CPU
		Release|Any CPU = Release|Any CPU
	EndGlobalSection
	GlobalSection(ProjectConfigurationPlatforms) = postSolution
		{4478B765-F123-40AA-A598-56F88B830AFD}.Debug|Any CPU.ActiveCfg = Debug|Any CPU
		{4478B765-F123-40AA-A598-56F88B830AFD}.Debug|Any CPU.Build.0 = Debug|Any CPU
		{4478B765-F123-40AA-A598-56F88B830AFD}.Release|Any CPU.ActiveCfg = Release|Any CPU
		{4478B765-F123-40AA-A598-56F88B830AFD}.Release|Any CPU.Build.0 = Release|Any CPU
	EndGlobalSection
	GlobalSection(SolutionProperties) = preSolution
		HideSolutionNode = FALSE
	EndGlobalSection
	GlobalSection(ExtensibilityGlobals) = postSolution
		SolutionGuid = {877F0701-C444-4D51-BC01-D55656DBCE6A}
	EndGlobalSection
EndGlobal
